
Microsoft Visual Studio Solution File, Format Version 12.00
# Visual Studio Version 17
VisualStudioVersion = 17.8.34525.116
MinimumVisualStudioVersion = 10.0.40219.1
Project("{9A19103F-16F7-4668-BE54-9A1E7A4F7556}") = "FilmsDomain", "FilmsDomain\FilmsDomain.csproj", "{EC190120-49DE-42AB-BCAE-1F95FA1E294B}"
EndProject
Project("{9A19103F-16F7-4668-BE54-9A1E7A4F7556}") = "FilmsInfrastructure", "FilmsInfrastructure\FilmsInfrastructure.csproj", "{07B9E183-ED8C-48CC-A1DE-B0F30B88853C}"
EndProject
Global
	GlobalSection(SolutionConfigurationPlatforms) = preSolution
		Debug|Any CPU = Debug|Any CPU
		Release|Any CPU = Release|Any CPU
	EndGlobalSection
	GlobalSection(ProjectConfigurationPlatforms) = postSolution
		{EC190120-49DE-42AB-BCAE-1F95FA1E294B}.Debug|Any CPU.ActiveCfg = Debug|Any CPU
		{EC190120-49DE-42AB-BCAE-1F95FA1E294B}.Debug|Any CPU.Build.0 = Debug|Any CPU
		{EC190120-49DE-42AB-BCAE-1F95FA1E294B}.Release|Any CPU.ActiveCfg = Release|Any CPU
		{EC190120-49DE-42AB-BCAE-1F95FA1E294B}.Release|Any CPU.Build.0 = Release|Any CPU
		{07B9E183-ED8C-48CC-A1DE-B0F30B88853C}.Debug|Any CPU.ActiveCfg = Debug|Any CPU
		{07B9E183-ED8C-48CC-A1DE-B0F30B88853C}.Debug|Any CPU.Build.0 = Debug|Any CPU
		{07B9E183-ED8C-48CC-A1DE-B0F30B88853C}.Release|Any CPU.ActiveCfg = Release|Any CPU
		{07B9E183-ED8C-48CC-A1DE-B0F30B88853C}.Release|Any CPU.Build.0 = Release|Any CPU
	EndGlobalSection
	GlobalSection(SolutionProperties) = preSolution
		HideSolutionNode = FALSE
	EndGlobalSection
	GlobalSection(ExtensibilityGlobals) = postSolution
		SolutionGuid = {2B59BA7A-897A-4BF6-9E88-9095F007C49B}
	EndGlobalSection
EndGlobal
